
Microsoft Visual Studio Solution File, Format Version 12.00
# Visual Studio 15
VisualStudioVersion = 15.0.28307.757
MinimumVisualStudioVersion = 10.0.40219.1
Project("{FAE04EC0-301F-11D3-BF4B-00C04F79EFBC}") = "Mv5FormAuthentication", "Mv5FormAuthentication\Mv5FormAuthentication.csproj", "{BF33EA1E-08C1-4014-B44B-6FC36C41EDC9}"
EndProject
Global
	GlobalSection(SolutionConfigurationPlatforms) = preSolution
		Debug|Any CPU = Debug|Any CPU
		Release|Any CPU = Release|Any CPU
	EndGlobalSection
	GlobalSection(ProjectConfigurationPlatforms) = postSolution
		{BF33EA1E-08C1-4014-B44B-6FC36C41EDC9}.Debug|Any CPU.ActiveCfg = Debug|Any CPU
		{BF33EA1E-08C1-4014-B44B-6FC36C41EDC9}.Debug|Any CPU.Build.0 = Debug|Any CPU
		{BF33EA1E-08C1-4014-B44B-6FC36C41EDC9}.Release|Any CPU.ActiveCfg = Release|Any CPU
		{BF33EA1E-08C1-4014-B44B-6FC36C41EDC9}.Release|Any CPU.Build.0 = Release|Any CPU
	EndGlobalSection
	GlobalSection(SolutionProperties) = preSolution
		HideSolutionNode = FALSE
	EndGlobalSection
	GlobalSection(ExtensibilityGlobals) = postSolution
		SolutionGuid = {7F8DD63F-C8CB-4B24-9006-F1151BBA52B5}
	EndGlobalSection
EndGlobal
